// !$*UTF8*$!
{
	archiveVersion = 1;
	classes = {
	};
	objectVersion = 55;
	objects = {

/* Begin PBXBuildFile section */
		D3993FD0B5A0EE05466EFDC6 /* Pods_SeatGeek.framework in Frameworks */ = {isa = PBXBuildFile; fileRef = 5C87B384DF0AD10602118B0E /* Pods_SeatGeek.framework */; };
		EE9323D028133DCF008260E3 /* SeatGeekApp.swift in Sources */ = {isa = PBXBuildFile; fileRef = EE9323CF28133DCF008260E3 /* SeatGeekApp.swift */; };
		EE9323D228133DCF008260E3 /* ContentView.swift in Sources */ = {isa = PBXBuildFile; fileRef = EE9323D128133DCF008260E3 /* ContentView.swift */; };
		EE9323D428133DD6008260E3 /* Assets.xcassets in Resources */ = {isa = PBXBuildFile; fileRef = EE9323D328133DD6008260E3 /* Assets.xcassets */; };
		EE9323D728133DD6008260E3 /* Preview Assets.xcassets in Resources */ = {isa = PBXBuildFile; fileRef = EE9323D628133DD6008260E3 /* Preview Assets.xcassets */; };
		EE9323DF28134266008260E3 /* EventView.swift in Sources */ = {isa = PBXBuildFile; fileRef = EE9323DE28134266008260E3 /* EventView.swift */; };
		EE9323E2281348FB008260E3 /* NeumorphicVM.swift in Sources */ = {isa = PBXBuildFile; fileRef = EE9323E1281348FB008260E3 /* NeumorphicVM.swift */; };
		EE9323E728135B96008260E3 /* EventFetcher.swift in Sources */ = {isa = PBXBuildFile; fileRef = EE9323E628135B96008260E3 /* EventFetcher.swift */; };
		EE9323EA28136358008260E3 /* EventsResponseModel.swift in Sources */ = {isa = PBXBuildFile; fileRef = EE9323E928136358008260E3 /* EventsResponseModel.swift */; };
		EE9323EC281363FA008260E3 /* EventList.swift in Sources */ = {isa = PBXBuildFile; fileRef = EE9323EB281363FA008260E3 /* EventList.swift */; };
		EE9323EF281377A4008260E3 /* EventsViewModel.swift in Sources */ = {isa = PBXBuildFile; fileRef = EE9323EE281377A4008260E3 /* EventsViewModel.swift */; };
		EE9323F32813879C008260E3 /* LinearGradientExtensions.swift in Sources */ = {isa = PBXBuildFile; fileRef = EE9323F22813879C008260E3 /* LinearGradientExtensions.swift */; };
		EE9323F528139CC7008260E3 /* AsyncImageView.swift in Sources */ = {isa = PBXBuildFile; fileRef = EE9323F428139CC7008260E3 /* AsyncImageView.swift */; };
		EE9323F72814803B008260E3 /* UIColorExtensions.swift in Sources */ = {isa = PBXBuildFile; fileRef = EE9323F62814803B008260E3 /* UIColorExtensions.swift */; };
		EE9323F928148619008260E3 /* EventDetailView.swift in Sources */ = {isa = PBXBuildFile; fileRef = EE9323F828148619008260E3 /* EventDetailView.swift */; };
		EE9323FB281498B9008260E3 /* seatGeekEvent.swift in Sources */ = {isa = PBXBuildFile; fileRef = EE9323FA281498B9008260E3 /* seatGeekEvent.swift */; };
/* End PBXBuildFile section */

/* Begin PBXFileReference section */
		16FA955F10C94ABEF6EC7030 /* Pods-SeatGeek.release.xcconfig */ = {isa = PBXFileReference; includeInIndex = 1; lastKnownFileType = text.xcconfig; name = "Pods-SeatGeek.release.xcconfig"; path = "Target Support Files/Pods-SeatGeek/Pods-SeatGeek.release.xcconfig"; sourceTree = "<group>"; };
		5C87B384DF0AD10602118B0E /* Pods_SeatGeek.framework */ = {isa = PBXFileReference; explicitFileType = wrapper.framework; includeInIndex = 0; path = Pods_SeatGeek.framework; sourceTree = BUILT_PRODUCTS_DIR; };
		EE9323CC28133DCF008260E3 /* SeatGeek.app */ = {isa = PBXFileReference; explicitFileType = wrapper.application; includeInIndex = 0; path = SeatGeek.app; sourceTree = BUILT_PRODUCTS_DIR; };
		EE9323CF28133DCF008260E3 /* SeatGeekApp.swift */ = {isa = PBXFileReference; lastKnownFileType = sourcecode.swift; path = SeatGeekApp.swift; sourceTree = "<group>"; };
		EE9323D128133DCF008260E3 /* ContentView.swift */ = {isa = PBXFileReference; lastKnownFileType = sourcecode.swift; path = ContentView.swift; sourceTree = "<group>"; };
		EE9323D328133DD6008260E3 /* Assets.xcassets */ = {isa = PBXFileReference; lastKnownFileType = folder.assetcatalog; path = Assets.xcassets; sourceTree = "<group>"; };
		EE9323D628133DD6008260E3 /* Preview Assets.xcassets */ = {isa = PBXFileReference; lastKnownFileType = folder.assetcatalog; path = "Preview Assets.xcassets"; sourceTree = "<group>"; };
		EE9323DE28134266008260E3 /* EventView.swift */ = {isa = PBXFileReference; lastKnownFileType = sourcecode.swift; path = EventView.swift; sourceTree = "<group>"; };
		EE9323E1281348FB008260E3 /* NeumorphicVM.swift */ = {isa = PBXFileReference; lastKnownFileType = sourcecode.swift; path = NeumorphicVM.swift; sourceTree = "<group>"; };
		EE9323E628135B96008260E3 /* EventFetcher.swift */ = {isa = PBXFileReference; lastKnownFileType = sourcecode.swift; path = EventFetcher.swift; sourceTree = "<group>"; };
		EE9323E928136358008260E3 /* EventsResponseModel.swift */ = {isa = PBXFileReference; lastKnownFileType = sourcecode.swift; path = EventsResponseModel.swift; sourceTree = "<group>"; };
		EE9323EB281363FA008260E3 /* EventList.swift */ = {isa = PBXFileReference; lastKnownFileType = sourcecode.swift; path = EventList.swift; sourceTree = "<group>"; };
		EE9323EE281377A4008260E3 /* EventsViewModel.swift */ = {isa = PBXFileReference; lastKnownFileType = sourcecode.swift; path = EventsViewModel.swift; sourceTree = "<group>"; };
		EE9323F22813879C008260E3 /* LinearGradientExtensions.swift */ = {isa = PBXFileReference; lastKnownFileType = sourcecode.swift; path = LinearGradientExtensions.swift; sourceTree = "<group>"; };
		EE9323F428139CC7008260E3 /* AsyncImageView.swift */ = {isa = PBXFileReference; lastKnownFileType = sourcecode.swift; path = AsyncImageView.swift; sourceTree = "<group>"; };
		EE9323F62814803B008260E3 /* UIColorExtensions.swift */ = {isa = PBXFileReference; lastKnownFileType = sourcecode.swift; path = UIColorExtensions.swift; sourceTree = "<group>"; };
		EE9323F828148619008260E3 /* EventDetailView.swift */ = {isa = PBXFileReference; lastKnownFileType = sourcecode.swift; path = EventDetailView.swift; sourceTree = "<group>"; };
		EE9323FA281498B9008260E3 /* seatGeekEvent.swift */ = {isa = PBXFileReference; lastKnownFileType = sourcecode.swift; path = seatGeekEvent.swift; sourceTree = "<group>"; };
		F355605D41669D09FF26E0D0 /* Pods-SeatGeek.debug.xcconfig */ = {isa = PBXFileReference; includeInIndex = 1; lastKnownFileType = text.xcconfig; name = "Pods-SeatGeek.debug.xcconfig"; path = "Target Support Files/Pods-SeatGeek/Pods-SeatGeek.debug.xcconfig"; sourceTree = "<group>"; };
/* End PBXFileReference section */

/* Begin PBXFrameworksBuildPhase section */
		EE9323C928133DCF008260E3 /* Frameworks */ = {
			isa = PBXFrameworksBuildPhase;
			buildActionMask = 2147483647;
			files = (
				D3993FD0B5A0EE05466EFDC6 /* Pods_SeatGeek.framework in Frameworks */,
			);
			runOnlyForDeploymentPostprocessing = 0;
		};
/* End PBXFrameworksBuildPhase section */

/* Begin PBXGroup section */
		60D4C34EE7B2518CB91847D0 /* Frameworks */ = {
			isa = PBXGroup;
			children = (
				5C87B384DF0AD10602118B0E /* Pods_SeatGeek.framework */,
			);
			name = Frameworks;
			sourceTree = "<group>";
		};
		EE9323C328133DCF008260E3 = {
			isa = PBXGroup;
			children = (
				EE9323CE28133DCF008260E3 /* SeatGeek */,
				EE9323CD28133DCF008260E3 /* Products */,
				F2DC8DEDC471A82DB419FD07 /* Pods */,
				60D4C34EE7B2518CB91847D0 /* Frameworks */,
			);
			sourceTree = "<group>";
		};
		EE9323CD28133DCF008260E3 /* Products */ = {
			isa = PBXGroup;
			children = (
				EE9323CC28133DCF008260E3 /* SeatGeek.app */,
			);
			name = Products;
			sourceTree = "<group>";
		};
		EE9323CE28133DCF008260E3 /* SeatGeek */ = {
			isa = PBXGroup;
			children = (
				EE9323CF28133DCF008260E3 /* SeatGeekApp.swift */,
				EE9323D128133DCF008260E3 /* ContentView.swift */,
				EE9323E8281360E6008260E3 /* Model */,
				EE9323DD28134233008260E3 /* Views */,
				EE9323ED28137085008260E3 /* ViewModel */,
				EE9323E0281348BA008260E3 /* View Modifiers */,
				EE9323E328134AF7008260E3 /* Extensions */,
				EE9323D328133DD6008260E3 /* Assets.xcassets */,
				EE9323D528133DD6008260E3 /* Preview Content */,
			);
			path = SeatGeek;
			sourceTree = "<group>";
		};
		EE9323D528133DD6008260E3 /* Preview Content */ = {
			isa = PBXGroup;
			children = (
				EE9323D628133DD6008260E3 /* Preview Assets.xcassets */,
			);
			path = "Preview Content";
			sourceTree = "<group>";
		};
		EE9323DD28134233008260E3 /* Views */ = {
			isa = PBXGroup;
			children = (
				EE9323DE28134266008260E3 /* EventView.swift */,
				EE9323EB281363FA008260E3 /* EventList.swift */,
				EE9323F428139CC7008260E3 /* AsyncImageView.swift */,
				EE9323F828148619008260E3 /* EventDetailView.swift */,
			);
			path = Views;
			sourceTree = "<group>";
		};
		EE9323E0281348BA008260E3 /* View Modifiers */ = {
			isa = PBXGroup;
			children = (
				EE9323E1281348FB008260E3 /* NeumorphicVM.swift */,
			);
			path = "View Modifiers";
			sourceTree = "<group>";
		};
		EE9323E328134AF7008260E3 /* Extensions */ = {
			isa = PBXGroup;
			children = (
				EE9323F22813879C008260E3 /* LinearGradientExtensions.swift */,
				EE9323F62814803B008260E3 /* UIColorExtensions.swift */,
			);
			path = Extensions;
			sourceTree = "<group>";
		};
		EE9323E8281360E6008260E3 /* Model */ = {
			isa = PBXGroup;
			children = (
				EE9323E628135B96008260E3 /* EventFetcher.swift */,
				EE9323E928136358008260E3 /* EventsResponseModel.swift */,
				EE9323FA281498B9008260E3 /* seatGeekEvent.swift */,
			);
			path = Model;
			sourceTree = "<group>";
		};
		EE9323ED28137085008260E3 /* ViewModel */ = {
			isa = PBXGroup;
			children = (
				EE9323EE281377A4008260E3 /* EventsViewModel.swift */,
			);
			path = ViewModel;
			sourceTree = "<group>";
		};
		F2DC8DEDC471A82DB419FD07 /* Pods */ = {
			isa = PBXGroup;
			children = (
				F355605D41669D09FF26E0D0 /* Pods-SeatGeek.debug.xcconfig */,
				16FA955F10C94ABEF6EC7030 /* Pods-SeatGeek.release.xcconfig */,
			);
			path = Pods;
			sourceTree = "<group>";
		};
/* End PBXGroup section */

/* Begin PBXNativeTarget section */
		EE9323CB28133DCF008260E3 /* SeatGeek */ = {
			isa = PBXNativeTarget;
			buildConfigurationList = EE9323DA28133DD6008260E3 /* Build configuration list for PBXNativeTarget "SeatGeek" */;
			buildPhases = (
				700E567CD8DB242F31BF8998 /* [CP] Check Pods Manifest.lock */,
				EE9323C828133DCF008260E3 /* Sources */,
				EE9323C928133DCF008260E3 /* Frameworks */,
				EE9323CA28133DCF008260E3 /* Resources */,
				7F3F80B162124CEC9A022E8A /* [CP] Embed Pods Frameworks */,
			);
			buildRules = (
			);
			dependencies = (
			);
			name = SeatGeek;
			productName = SeatGeek;
			productReference = EE9323CC28133DCF008260E3 /* SeatGeek.app */;
			productType = "com.apple.product-type.application";
		};
/* End PBXNativeTarget section */

/* Begin PBXProject section */
		EE9323C428133DCF008260E3 /* Project object */ = {
			isa = PBXProject;
			attributes = {
				BuildIndependentTargetsInParallel = 1;
				LastSwiftUpdateCheck = 1330;
				LastUpgradeCheck = 1330;
				TargetAttributes = {
					EE9323CB28133DCF008260E3 = {
						CreatedOnToolsVersion = 13.3.1;
					};
				};
			};
			buildConfigurationList = EE9323C728133DCF008260E3 /* Build configuration list for PBXProject "SeatGeek" */;
			compatibilityVersion = "Xcode 13.0";
			developmentRegion = en;
			hasScannedForEncodings = 0;
			knownRegions = (
				en,
				Base,
			);
			mainGroup = EE9323C328133DCF008260E3;
			productRefGroup = EE9323CD28133DCF008260E3 /* Products */;
			projectDirPath = "";
			projectRoot = "";
			targets = (
				EE9323CB28133DCF008260E3 /* SeatGeek */,
			);
		};
/* End PBXProject section */

/* Begin PBXResourcesBuildPhase section */
		EE9323CA28133DCF008260E3 /* Resources */ = {
			isa = PBXResourcesBuildPhase;
			buildActionMask = 2147483647;
			files = (
				EE9323D728133DD6008260E3 /* Preview Assets.xcassets in Resources */,
				EE9323D428133DD6008260E3 /* Assets.xcassets in Resources */,
			);
			runOnlyForDeploymentPostprocessing = 0;
		};
/* End PBXResourcesBuildPhase section */

/* Begin PBXShellScriptBuildPhase section */
		700E567CD8DB242F31BF8998 /* [CP] Check Pods Manifest.lock */ = {
			isa = PBXShellScriptBuildPhase;
			buildActionMask = 2147483647;
			files = (
			);
			inputFileListPaths = (
			);
			inputPaths = (
				"${PODS_PODFILE_DIR_PATH}/Podfile.lock",
				"${PODS_ROOT}/Manifest.lock",
			);
			name = "[CP] Check Pods Manifest.lock";
			outputFileListPaths = (
			);
			outputPaths = (
				"$(DERIVED_FILE_DIR)/Pods-SeatGeek-checkManifestLockResult.txt",
			);
			runOnlyForDeploymentPostprocessing = 0;
			shellPath = /bin/sh;
			shellScript = "diff \"${PODS_PODFILE_DIR_PATH}/Podfile.lock\" \"${PODS_ROOT}/Manifest.lock\" > /dev/null\nif [ $? != 0 ] ; then\n    # print error to STDERR\n    echo \"error: The sandbox is not in sync with the Podfile.lock. Run 'pod install' or update your CocoaPods installation.\" >&2\n    exit 1\nfi\n# This output is used by Xcode 'outputs' to avoid re-running this script phase.\necho \"SUCCESS\" > \"${SCRIPT_OUTPUT_FILE_0}\"\n";
			showEnvVarsInLog = 0;
		};
		7F3F80B162124CEC9A022E8A /* [CP] Embed Pods Frameworks */ = {
			isa = PBXShellScriptBuildPhase;
			buildActionMask = 2147483647;
			files = (
			);
			inputFileListPaths = (
				"${PODS_ROOT}/Target Support Files/Pods-SeatGeek/Pods-SeatGeek-frameworks-${CONFIGURATION}-input-files.xcfilelist",
			);
			name = "[CP] Embed Pods Frameworks";
			outputFileListPaths = (
				"${PODS_ROOT}/Target Support Files/Pods-SeatGeek/Pods-SeatGeek-frameworks-${CONFIGURATION}-output-files.xcfilelist",
			);
			runOnlyForDeploymentPostprocessing = 0;
			shellPath = /bin/sh;
			shellScript = "\"${PODS_ROOT}/Target Support Files/Pods-SeatGeek/Pods-SeatGeek-frameworks.sh\"\n";
			showEnvVarsInLog = 0;
		};
/* End PBXShellScriptBuildPhase section */

/* Begin PBXSourcesBuildPhase section */
		EE9323C828133DCF008260E3 /* Sources */ = {
			isa = PBXSourcesBuildPhase;
			buildActionMask = 2147483647;
			files = (
				EE9323EC281363FA008260E3 /* EventList.swift in Sources */,
				EE9323E728135B96008260E3 /* EventFetcher.swift in Sources */,
				EE9323DF28134266008260E3 /* EventView.swift in Sources */,
				EE9323D228133DCF008260E3 /* ContentView.swift in Sources */,
				EE9323EA28136358008260E3 /* EventsResponseModel.swift in Sources */,
				EE9323E2281348FB008260E3 /* NeumorphicVM.swift in Sources */,
				EE9323F72814803B008260E3 /* UIColorExtensions.swift in Sources */,
				EE9323EF281377A4008260E3 /* EventsViewModel.swift in Sources */,
				EE9323F928148619008260E3 /* EventDetailView.swift in Sources */,
				EE9323F528139CC7008260E3 /* AsyncImageView.swift in Sources */,
				EE9323F32813879C008260E3 /* LinearGradientExtensions.swift in Sources */,
				EE9323D028133DCF008260E3 /* SeatGeekApp.swift in Sources */,
				EE9323FB281498B9008260E3 /* seatGeekEvent.swift in Sources */,
			);
			runOnlyForDeploymentPostprocessing = 0;
		};
/* End PBXSourcesBuildPhase section */

/* Begin XCBuildConfiguration section */
		EE9323D828133DD6008260E3 /* Debug */ = {
			isa = XCBuildConfiguration;
			buildSettings = {
				ALWAYS_SEARCH_USER_PATHS = NO;
				CLANG_ANALYZER_NONNULL = YES;
				CLANG_ANALYZER_NUMBER_OBJECT_CONVERSION = YES_AGGRESSIVE;
				CLANG_CXX_LANGUAGE_STANDARD = "gnu++17";
				CLANG_ENABLE_MODULES = YES;
				CLANG_ENABLE_OBJC_ARC = YES;
				CLANG_ENABLE_OBJC_WEAK = YES;
				CLANG_WARN_BLOCK_CAPTURE_AUTORELEASING = YES;
				CLANG_WARN_BOOL_CONVERSION = YES;
				CLANG_WARN_COMMA = YES;
				CLANG_WARN_CONSTANT_CONVERSION = YES;
				CLANG_WARN_DEPRECATED_OBJC_IMPLEMENTATIONS = YES;
				CLANG_WARN_DIRECT_OBJC_ISA_USAGE = YES_ERROR;
				CLANG_WARN_DOCUMENTATION_COMMENTS = YES;
				CLANG_WARN_EMPTY_BODY = YES;
				CLANG_WARN_ENUM_CONVERSION = YES;
				CLANG_WARN_INFINITE_RECURSION = YES;
				CLANG_WARN_INT_CONVERSION = YES;
				CLANG_WARN_NON_LITERAL_NULL_CONVERSION = YES;
				CLANG_WARN_OBJC_IMPLICIT_RETAIN_SELF = YES;
				CLANG_WARN_OBJC_LITERAL_CONVERSION = YES;
				CLANG_WARN_OBJC_ROOT_CLASS = YES_ERROR;
				CLANG_WARN_QUOTED_INCLUDE_IN_FRAMEWORK_HEADER = YES;
				CLANG_WARN_RANGE_LOOP_ANALYSIS = YES;
				CLANG_WARN_STRICT_PROTOTYPES = YES;
				CLANG_WARN_SUSPICIOUS_MOVE = YES;
				CLANG_WARN_UNGUARDED_AVAILABILITY = YES_AGGRESSIVE;
				CLANG_WARN_UNREACHABLE_CODE = YES;
				CLANG_WARN__DUPLICATE_METHOD_MATCH = YES;
				COPY_PHASE_STRIP = NO;
				DEBUG_INFORMATION_FORMAT = dwarf;
				ENABLE_STRICT_OBJC_MSGSEND = YES;
				ENABLE_TESTABILITY = YES;
				GCC_C_LANGUAGE_STANDARD = gnu11;
				GCC_DYNAMIC_NO_PIC = NO;
				GCC_NO_COMMON_BLOCKS = YES;
				GCC_OPTIMIZATION_LEVEL = 0;
				GCC_PREPROCESSOR_DEFINITIONS = (
					"DEBUG=1",
					"$(inherited)",
				);
				GCC_WARN_64_TO_32_BIT_CONVERSION = YES;
				GCC_WARN_ABOUT_RETURN_TYPE = YES_ERROR;
				GCC_WARN_UNDECLARED_SELECTOR = YES;
				GCC_WARN_UNINITIALIZED_AUTOS = YES_AGGRESSIVE;
				GCC_WARN_UNUSED_FUNCTION = YES;
				GCC_WARN_UNUSED_VARIABLE = YES;
				IPHONEOS_DEPLOYMENT_TARGET = 15.4;
				MTL_ENABLE_DEBUG_INFO = INCLUDE_SOURCE;
				MTL_FAST_MATH = YES;
				ONLY_ACTIVE_ARCH = YES;
				SDKROOT = iphoneos;
				SWIFT_ACTIVE_COMPILATION_CONDITIONS = DEBUG;
				SWIFT_OPTIMIZATION_LEVEL = "-Onone";
			};
			name = Debug;
		};
		EE9323D928133DD6008260E3 /* Release */ = {
			isa = XCBuildConfiguration;
			buildSettings = {
				ALWAYS_SEARCH_USER_PATHS = NO;
				CLANG_ANALYZER_NONNULL = YES;
				CLANG_ANALYZER_NUMBER_OBJECT_CONVERSION = YES_AGGRESSIVE;
				CLANG_CXX_LANGUAGE_STANDARD = "gnu++17";
				CLANG_ENABLE_MODULES = YES;
				CLANG_ENABLE_OBJC_ARC = YES;
				CLANG_ENABLE_OBJC_WEAK = YES;
				CLANG_WARN_BLOCK_CAPTURE_AUTORELEASING = YES;
				CLANG_WARN_BOOL_CONVERSION = YES;
				CLANG_WARN_COMMA = YES;
				CLANG_WARN_CONSTANT_CONVERSION = YES;
				CLANG_WARN_DEPRECATED_OBJC_IMPLEMENTATIONS = YES;
				CLANG_WARN_DIRECT_OBJC_ISA_USAGE = YES_ERROR;
				CLANG_WARN_DOCUMENTATION_COMMENTS = YES;
				CLANG_WARN_EMPTY_BODY = YES;
				CLANG_WARN_ENUM_CONVERSION = YES;
				CLANG_WARN_INFINITE_RECURSION = YES;
				CLANG_WARN_INT_CONVERSION = YES;
				CLANG_WARN_NON_LITERAL_NULL_CONVERSION = YES;
				CLANG_WARN_OBJC_IMPLICIT_RETAIN_SELF = YES;
				CLANG_WARN_OBJC_LITERAL_CONVERSION = YES;
				CLANG_WARN_OBJC_ROOT_CLASS = YES_ERROR;
				CLANG_WARN_QUOTED_INCLUDE_IN_FRAMEWORK_HEADER = YES;
				CLANG_WARN_RANGE_LOOP_ANALYSIS = YES;
				CLANG_WARN_STRICT_PROTOTYPES = YES;
				CLANG_WARN_SUSPICIOUS_MOVE = YES;
				CLANG_WARN_UNGUARDED_AVAILABILITY = YES_AGGRESSIVE;
				CLANG_WARN_UNREACHABLE_CODE = YES;
				CLANG_WARN__DUPLICATE_METHOD_MATCH = YES;
				COPY_PHASE_STRIP = NO;
				DEBUG_INFORMATION_FORMAT = "dwarf-with-dsym";
				ENABLE_NS_ASSERTIONS = NO;
				ENABLE_STRICT_OBJC_MSGSEND = YES;
				GCC_C_LANGUAGE_STANDARD = gnu11;
				GCC_NO_COMMON_BLOCKS = YES;
				GCC_WARN_64_TO_32_BIT_CONVERSION = YES;
				GCC_WARN_ABOUT_RETURN_TYPE = YES_ERROR;
				GCC_WARN_UNDECLARED_SELECTOR = YES;
				GCC_WARN_UNINITIALIZED_AUTOS = YES_AGGRESSIVE;
				GCC_WARN_UNUSED_FUNCTION = YES;
				GCC_WARN_UNUSED_VARIABLE = YES;
				IPHONEOS_DEPLOYMENT_TARGET = 15.4;
				MTL_ENABLE_DEBUG_INFO = NO;
				MTL_FAST_MATH = YES;
				SDKROOT = iphoneos;
				SWIFT_COMPILATION_MODE = wholemodule;
				SWIFT_OPTIMIZATION_LEVEL = "-O";
				VALIDATE_PRODUCT = YES;
			};
			name = Release;
		};
		EE9323DB28133DD6008260E3 /* Debug */ = {
			isa = XCBuildConfiguration;
			baseConfigurationReference = F355605D41669D09FF26E0D0 /* Pods-SeatGeek.debug.xcconfig */;
			buildSettings = {
				ASSETCATALOG_COMPILER_APPICON_NAME = AppIcon;
				ASSETCATALOG_COMPILER_GLOBAL_ACCENT_COLOR_NAME = AccentColor;
				CODE_SIGN_STYLE = Automatic;
				CURRENT_PROJECT_VERSION = 1;
				DEVELOPMENT_ASSET_PATHS = "\"SeatGeek/Preview Content\"";
				DEVELOPMENT_TEAM = 8HUP8UB97L;
				ENABLE_PREVIEWS = YES;
				GENERATE_INFOPLIST_FILE = YES;
				INFOPLIST_KEY_UIApplicationSceneManifest_Generation = YES;
				INFOPLIST_KEY_UIApplicationSupportsIndirectInputEvents = YES;
				INFOPLIST_KEY_UILaunchScreen_Generation = YES;
				INFOPLIST_KEY_UISupportedInterfaceOrientations_iPad = "UIInterfaceOrientationPortrait UIInterfaceOrientationPortraitUpsideDown UIInterfaceOrientationLandscapeLeft UIInterfaceOrientationLandscapeRight";
				INFOPLIST_KEY_UISupportedInterfaceOrientations_iPhone = "UIInterfaceOrientationPortrait UIInterfaceOrientationLandscapeLeft UIInterfaceOrientationLandscapeRight";
				LD_RUNPATH_SEARCH_PATHS = (
					"$(inherited)",
					"@executable_path/Frameworks",
				);
				MARKETING_VERSION = 1.0;
				PRODUCT_BUNDLE_IDENTIFIER = com.WesleyLuntsford.SeatGeek;
				PRODUCT_NAME = "$(TARGET_NAME)";
				SWIFT_EMIT_LOC_STRINGS = YES;
				SWIFT_VERSION = 5.0;
				TARGETED_DEVICE_FAMILY = "1,2";
			};
			name = Debug;
		};
		EE9323DC28133DD6008260E3 /* Release */ = {
			isa = XCBuildConfiguration;
			baseConfigurationReference = 16FA955F10C94ABEF6EC7030 /* Pods-SeatGeek.release.xcconfig */;
			buildSettings = {
				ASSETCATALOG_COMPILER_APPICON_NAME = AppIcon;
				ASSETCATALOG_COMPILER_GLOBAL_ACCENT_COLOR_NAME = AccentColor;
				CODE_SIGN_STYLE = Automatic;
				CURRENT_PROJECT_VERSION = 1;
				DEVELOPMENT_ASSET_PATHS = "\"SeatGeek/Preview Content\"";
				DEVELOPMENT_TEAM = 8HUP8UB97L;
				ENABLE_PREVIEWS = YES;
				GENERATE_INFOPLIST_FILE = YES;
				INFOPLIST_KEY_UIApplicationSceneManifest_Generation = YES;
				INFOPLIST_KEY_UIApplicationSupportsIndirectInputEvents = YES;
				INFOPLIST_KEY_UILaunchScreen_Generation = YES;
				INFOPLIST_KEY_UISupportedInterfaceOrientations_iPad = "UIInterfaceOrientationPortrait UIInterfaceOrientationPortraitUpsideDown UIInterfaceOrientationLandscapeLeft UIInterfaceOrientationLandscapeRight";
				INFOPLIST_KEY_UISupportedInterfaceOrientations_iPhone = "UIInterfaceOrientationPortrait UIInterfaceOrientationLandscapeLeft UIInterfaceOrientationLandscapeRight";
				LD_RUNPATH_SEARCH_PATHS = (
					"$(inherited)",
					"@executable_path/Frameworks",
				);
				MARKETING_VERSION = 1.0;
				PRODUCT_BUNDLE_IDENTIFIER = com.WesleyLuntsford.SeatGeek;
				PRODUCT_NAME = "$(TARGET_NAME)";
				SWIFT_EMIT_LOC_STRINGS = YES;
				SWIFT_VERSION = 5.0;
				TARGETED_DEVICE_FAMILY = "1,2";
			};
			name = Release;
		};
/* End XCBuildConfiguration section */

/* Begin XCConfigurationList section */
		EE9323C728133DCF008260E3 /* Build configuration list for PBXProject "SeatGeek" */ = {
			isa = XCConfigurationList;
			buildConfigurations = (
				EE9323D828133DD6008260E3 /* Debug */,
				EE9323D928133DD6008260E3 /* Release */,
			);
			defaultConfigurationIsVisible = 0;
			defaultConfigurationName = Release;
		};
		EE9323DA28133DD6008260E3 /* Build configuration list for PBXNativeTarget "SeatGeek" */ = {
			isa = XCConfigurationList;
			buildConfigurations = (
				EE9323DB28133DD6008260E3 /* Debug */,
				EE9323DC28133DD6008260E3 /* Release */,
			);
			defaultConfigurationIsVisible = 0;
			defaultConfigurationName = Release;
		};
/* End XCConfigurationList section */
	};
	rootObject = EE9323C428133DCF008260E3 /* Project object */;
}
